
Microsoft Visual Studio Solution File, Format Version 12.00
# Visual Studio Version 17
VisualStudioVersion = 17.10.35027.167
MinimumVisualStudioVersion = 10.0.40219.1
Project("{FAE04EC0-301F-11D3-BF4B-00C04F79EFBC}") = "HesapMakinesi", "HesapMakinesi.csproj", "{89FE8D65-01FD-4FDC-8C83-9C7764710B8C}"
EndProject
Global
	GlobalSection(SolutionConfigurationPlatforms) = preSolution
		Debug|Any CPU = Debug|Any CPU
		Release|Any CPU = Release|Any CPU
	EndGlobalSection
	GlobalSection(ProjectConfigurationPlatforms) = postSolution
		{89FE8D65-01FD-4FDC-8C83-9C7764710B8C}.Debug|Any CPU.ActiveCfg = Debug|Any CPU
		{89FE8D65-01FD-4FDC-8C83-9C7764710B8C}.Debug|Any CPU.Build.0 = Debug|Any CPU
		{89FE8D65-01FD-4FDC-8C83-9C7764710B8C}.Release|Any CPU.ActiveCfg = Release|Any CPU
		{89FE8D65-01FD-4FDC-8C83-9C7764710B8C}.Release|Any CPU.Build.0 = Release|Any CPU
	EndGlobalSection
	GlobalSection(SolutionProperties) = preSolution
		HideSolutionNode = FALSE
	EndGlobalSection
	GlobalSection(ExtensibilityGlobals) = postSolution
		SolutionGuid = {333BAB0F-657D-4A04-9347-050F56D4AEFF}
	EndGlobalSection
EndGlobal
